
Microsoft Visual Studio Solution File, Format Version 12.00
# Visual Studio Version 17
VisualStudioVersion = 17.8.34511.84
MinimumVisualStudioVersion = 10.0.40219.1
Project("{FAE04EC0-301F-11D3-BF4B-00C04F79EFBC}") = "EsercizioD4", "EsercizioD4\EsercizioD4.csproj", "{40FE06B5-4DFD-4FE0-8F5B-B93D28396C02}"
EndProject
Global
	GlobalSection(SolutionConfigurationPlatforms) = preSolution
		Debug|Any CPU = Debug|Any CPU
		Release|Any CPU = Release|Any CPU
	EndGlobalSection
	GlobalSection(ProjectConfigurationPlatforms) = postSolution
		{40FE06B5-4DFD-4FE0-8F5B-B93D28396C02}.Debug|Any CPU.ActiveCfg = Debug|Any CPU
		{40FE06B5-4DFD-4FE0-8F5B-B93D28396C02}.Debug|Any CPU.Build.0 = Debug|Any CPU
		{40FE06B5-4DFD-4FE0-8F5B-B93D28396C02}.Release|Any CPU.ActiveCfg = Release|Any CPU
		{40FE06B5-4DFD-4FE0-8F5B-B93D28396C02}.Release|Any CPU.Build.0 = Release|Any CPU
	EndGlobalSection
	GlobalSection(SolutionProperties) = preSolution
		HideSolutionNode = FALSE
	EndGlobalSection
	GlobalSection(ExtensibilityGlobals) = postSolution
		SolutionGuid = {3A923F0B-7744-4D51-AC13-D93EFE8A5240}
	EndGlobalSection
EndGlobal
